
Microsoft Visual Studio Solution File, Format Version 12.00
# Visual Studio Version 17
VisualStudioVersion = 17.9.34622.214
MinimumVisualStudioVersion = 10.0.40219.1
Project("{FAE04EC0-301F-11D3-BF4B-00C04F79EFBC}") = "TechBlogDDD.ApiHost", "TechBlogDDD.ApiHost\TechBlogDDD.ApiHost.csproj", "{A6DA8298-43CD-4A1B-85C4-C6A38B224F2B}"
EndProject
Project("{FAE04EC0-301F-11D3-BF4B-00C04F79EFBC}") = "TechBlogDDD.Application", "TechBlogDDD.Application\TechBlogDDD.Application.csproj", "{BA4A57DE-7DF3-434D-AEEF-74B246D28C0D}"
EndProject
Project("{FAE04EC0-301F-11D3-BF4B-00C04F79EFBC}") = "TechBlogDDD.Application.Contract", "TechBlogDDD.Application.Contract\TechBlogDDD.Application.Contract.csproj", "{35F21715-0FAB-4B46-BC80-D014F9FCE49C}"
EndProject
Project("{FAE04EC0-301F-11D3-BF4B-00C04F79EFBC}") = "TechBlogDDD.Core", "TechBlogDDD.Core\TechBlogDDD.Core.csproj", "{B2B3DD59-5B04-415F-BA6B-BE8424E6E051}"
EndProject
Project("{FAE04EC0-301F-11D3-BF4B-00C04F79EFBC}") = "TechBlogDDD.Data", "TechBlogDDD.Data\TechBlogDDD.Data.csproj", "{58F0515E-694D-4C03-8C66-5F5F0B03E610}"
EndProject
Project("{FAE04EC0-301F-11D3-BF4B-00C04F79EFBC}") = "TechBlogDDD.Domain", "TechBlogDDD.Domain\TechBlogDDD.Domain.csproj", "{689C0257-66D7-41C1-946F-B00E9FAA0508}"
EndProject
Project("{FAE04EC0-301F-11D3-BF4B-00C04F79EFBC}") = "TechBlogDDD.Domain.Shared", "TechBlogDDD.Domain.Shared\TechBlogDDD.Domain.Shared.csproj", "{D864E154-5375-4A99-A4B2-F255D9DA3D0F}"
EndProject
Global
	GlobalSection(SolutionConfigurationPlatforms) = preSolution
		Debug|Any CPU = Debug|Any CPU
		Release|Any CPU = Release|Any CPU
	EndGlobalSection
	GlobalSection(ProjectConfigurationPlatforms) = postSolution
		{A6DA8298-43CD-4A1B-85C4-C6A38B224F2B}.Debug|Any CPU.ActiveCfg = Debug|Any CPU
		{A6DA8298-43CD-4A1B-85C4-C6A38B224F2B}.Debug|Any CPU.Build.0 = Debug|Any CPU
		{A6DA8298-43CD-4A1B-85C4-C6A38B224F2B}.Release|Any CPU.ActiveCfg = Release|Any CPU
		{A6DA8298-43CD-4A1B-85C4-C6A38B224F2B}.Release|Any CPU.Build.0 = Release|Any CPU
		{BA4A57DE-7DF3-434D-AEEF-74B246D28C0D}.Debug|Any CPU.ActiveCfg = Debug|Any CPU
		{BA4A57DE-7DF3-434D-AEEF-74B246D28C0D}.Debug|Any CPU.Build.0 = Debug|Any CPU
		{BA4A57DE-7DF3-434D-AEEF-74B246D28C0D}.Release|Any CPU.ActiveCfg = Release|Any CPU
		{BA4A57DE-7DF3-434D-AEEF-74B246D28C0D}.Release|Any CPU.Build.0 = Release|Any CPU
		{35F21715-0FAB-4B46-BC80-D014F9FCE49C}.Debug|Any CPU.ActiveCfg = Debug|Any CPU
		{35F21715-0FAB-4B46-BC80-D014F9FCE49C}.Debug|Any CPU.Build.0 = Debug|Any CPU
		{35F21715-0FAB-4B46-BC80-D014F9FCE49C}.Release|Any CPU.ActiveCfg = Release|Any CPU
		{35F21715-0FAB-4B46-BC80-D014F9FCE49C}.Release|Any CPU.Build.0 = Release|Any CPU
		{B2B3DD59-5B04-415F-BA6B-BE8424E6E051}.Debug|Any CPU.ActiveCfg = Debug|Any CPU
		{B2B3DD59-5B04-415F-BA6B-BE8424E6E051}.Debug|Any CPU.Build.0 = Debug|Any CPU
		{B2B3DD59-5B04-415F-BA6B-BE8424E6E051}.Release|Any CPU.ActiveCfg = Release|Any CPU
		{B2B3DD59-5B04-415F-BA6B-BE8424E6E051}.Release|Any CPU.Build.0 = Release|Any CPU
		{58F0515E-694D-4C03-8C66-5F5F0B03E610}.Debug|Any CPU.ActiveCfg = Debug|Any CPU
		{58F0515E-694D-4C03-8C66-5F5F0B03E610}.Debug|Any CPU.Build.0 = Debug|Any CPU
		{58F0515E-694D-4C03-8C66-5F5F0B03E610}.Release|Any CPU.ActiveCfg = Release|Any CPU
		{58F0515E-694D-4C03-8C66-5F5F0B03E610}.Release|Any CPU.Build.0 = Release|Any CPU
		{689C0257-66D7-41C1-946F-B00E9FAA0508}.Debug|Any CPU.ActiveCfg = Debug|Any CPU
		{689C0257-66D7-41C1-946F-B00E9FAA0508}.Debug|Any CPU.Build.0 = Debug|Any CPU
		{689C0257-66D7-41C1-946F-B00E9FAA0508}.Release|Any CPU.ActiveCfg = Release|Any CPU
		{689C0257-66D7-41C1-946F-B00E9FAA0508}.Release|Any CPU.Build.0 = Release|Any CPU
		{D864E154-5375-4A99-A4B2-F255D9DA3D0F}.Debug|Any CPU.ActiveCfg = Debug|Any CPU
		{D864E154-5375-4A99-A4B2-F255D9DA3D0F}.Debug|Any CPU.Build.0 = Debug|Any CPU
		{D864E154-5375-4A99-A4B2-F255D9DA3D0F}.Release|Any CPU.ActiveCfg = Release|Any CPU
		{D864E154-5375-4A99-A4B2-F255D9DA3D0F}.Release|Any CPU.Build.0 = Release|Any CPU
	EndGlobalSection
	GlobalSection(SolutionProperties) = preSolution
		HideSolutionNode = FALSE
	EndGlobalSection
	GlobalSection(ExtensibilityGlobals) = postSolution
		SolutionGuid = {D45F1927-008E-40F1-9268-C6F98C5C842C}
	EndGlobalSection
EndGlobal
